{
  "name": "ai-seo-analyzer-v2",
  "version": "1.0.0",
  "lockfileVersion": 3,
  "requires": true,
  "packages": {
    "": {
      "name": "ai-seo-analyzer-v2",
      "version": "1.0.0",
      "dependencies": {
        "@octokit/rest": "^20.0.0",
        "axios": "^1.0.0",
        "cors": "^2.8.5",
        "dotenv": "^16.0.0",
        "express": "^4.18.0",
        "openai": "^4.8.0"
      }
    },
    "node_modules/express": {
      "version": "4.18.0",
      "resolved": "https://registry.npmjs.org/express/-/express-4.18.0.tgz",
      "integrity": "sha512-PK8v+C7EZmE0H4aSglg...",
      "dependencies": {
        "body-parser": "^1.19.0",
        "cookie": "0.4.1"
      }
    },
    "node_modules/axios": {
      "version": "1.0.0",
      "resolved": "https://registry.npmjs.org/axios/-/axios-1.0.0.tgz",
      "integrity": "sha512-6+/nZo1R+q1...",
      "dependencies": {
        "follow-redirects": "^1.15.0"
      }
    },
    "node_modules/cors": {
      "version": "2.8.5",
      "resolved": "https://registry.npmjs.org/cors/-/cors-2.8.5.tgz",
      "integrity": "sha512-KR3RWF..."
    },
    "node_modules/dotenv": {
      "version": "16.0.0",
      "resolved": "https://registry.npmjs.org/dotenv/-/dotenv-16.0.0.tgz",
      "integrity": "sha512-sP+hVnHcJ..."
    },
    "node_modules/openai": {
      "version": "4.8.0",
      "resolved": "https://registry.npmjs.org/openai/-/openai-4.8.0.tgz",
      "integrity": "sha512-xyz..."
    },
    "node_modules/@octokit/rest": {
      "version": "20.0.0",
      "resolved": "https://registry.npmjs.org/@octokit/rest/-/rest-20.0.0.tgz",
      "integrity": "sha512-abc..."
    }
  }
}
